<?xml version="1.0" encoding="utf-8"?>
<Project ToolsVersion="4.0" xmlns="http://schemas.microsoft.com/developer/msbuild/2003">
  <ItemGroup>
    <Filter Include="Source Files">
      <UniqueIdentifier>{4FC737F1-C7A5-4376-A066-2A32D752A2FF}</UniqueIdentifier>
      <Extensions>cpp;c;cc;cxx;def;odl;idl;hpj;bat;asm;asmx</Extensions>
    </Filter>
    <Filter Include="Header Files">
      <UniqueIdentifier>{93995380-89BD-4b04-88EB-625FBE52EBFB}</UniqueIdentifier>
      <Extensions>h;hh;hpp;hxx;hm;inl;inc;xsd</Extensions>
    </Filter>
    <Filter Include="Resource Files">
      <UniqueIdentifier>{67DA6AB6-F800-4c08-8B7A-83BB121AAD01}</UniqueIdentifier>
      <Extensions>rc;ico;cur;bmp;dlg;rc2;rct;bin;rgs;gif;jpg;jpeg;jpe;resx;tiff;tif;png;wav;mfcribbon-ms</Extensions>
    </Filter>
  </ItemGroup>
  <ItemGroup>
    <Text Include="Readme.txt" />
  </ItemGroup>
  <ItemGroup>
    <ClCompile Include="Main.cpp">
      <Filter>Source Files</Filter>
    </ClCompile>
    <ClCompile Include="Core\RenderingAPI\CRenderManager.cpp">
      <Filter>Source Files</Filter>
    </ClCompile>
    <ClCompile Include="Core\RenderingAPI\CRenderTargetWindow.cpp">
      <Filter>Source Files</Filter>
    </ClCompile>
    <ClCompile Include="Core\Platform\Windows\CWindowsPlatformWindow.cpp">
      <Filter>Source Files</Filter>
    </ClCompile>
    <ClCompile Include="Core\Profiler\CProfileManager.cpp">
      <Filter>Source Files</Filter>
    </ClCompile>
    <ClCompile Include="Core\Application.cpp">
      <Filter>Source Files</Filter>
    </ClCompile>
    <ClCompile Include="Core\WindowManager.cpp">
      <Filter>Source Files</Filter>
    </ClCompile>
    <ClCompile Include="Editor\CEditorApplication.cpp">
      <Filter>Source Files</Filter>
    </ClCompile>
    <ClCompile Include="Core\RenderingAPI\CRenderTarget.cpp">
      <Filter>Source Files</Filter>
    </ClCompile>
    <ClCompile Include="Core\RenderingAPI\CVertexBuffer.cpp">
      <Filter>Source Files</Filter>
    </ClCompile>
    <ClCompile Include="Core\RenderingAPI\Material\CMaterialCompiler.cpp">
      <Filter>Source Files</Filter>
    </ClCompile>
    <ClCompile Include="Core\Math\CColor.cpp">
      <Filter>Source Files</Filter>
    </ClCompile>
    <ClCompile Include="Modules\DirectXAPI\CD3D11RenderContext.cpp">
      <Filter>Source Files</Filter>
    </ClCompile>
    <ClCompile Include="Modules\DirectXAPI\CD3D11RenderTargetWindow.cpp">
      <Filter>Source Files</Filter>
    </ClCompile>
    <ClCompile Include="Core\RenderingAPI\CVertexDeclaration.cpp">
      <Filter>Source Files</Filter>
    </ClCompile>
    <ClCompile Include="Core\RenderingAPI\CRenderCommandBuffer.cpp">
      <Filter>Source Files</Filter>
    </ClCompile>
  </ItemGroup>
  <ItemGroup>
    <ClInclude Include="Editor\CEditorApplication.h">
      <Filter>Header Files</Filter>
    </ClInclude>
    <ClInclude Include="Core\CBootstrap.h">
      <Filter>Header Files</Filter>
    </ClInclude>
    <ClInclude Include="Core\Types.h">
      <Filter>Header Files</Filter>
    </ClInclude>
    <ClInclude Include="Core\Core.h">
      <Filter>Header Files</Filter>
    </ClInclude>
    <ClInclude Include="Core\Pointer.h">
      <Filter>Header Files</Filter>
    </ClInclude>
    <ClInclude Include="Core\RenderingAPI\IRenderContext.h">
      <Filter>Header Files</Filter>
    </ClInclude>
    <ClInclude Include="Core\RenderingAPI\CRenderManager.h">
      <Filter>Header Files</Filter>
    </ClInclude>
    <ClInclude Include="Core\CModule.h">
      <Filter>Header Files</Filter>
    </ClInclude>
    <ClInclude Include="Core\RenderingAPI\CRenderTarget.h">
      <Filter>Header Files</Filter>
    </ClInclude>
    <ClInclude Include="Core\RenderingAPI\CRenderTargetWindow.h">
      <Filter>Header Files</Filter>
    </ClInclude>
    <ClInclude Include="Core\Platform\Windows\CWindowsPlatformWindow.h">
      <Filter>Header Files</Filter>
    </ClInclude>
    <ClInclude Include="Core\Platform\Platform.h">
      <Filter>Header Files</Filter>
    </ClInclude>
    <ClInclude Include="Core\TArray.h">
      <Filter>Header Files</Filter>
    </ClInclude>
    <ClInclude Include="Core\Assertion.h">
      <Filter>Header Files</Filter>
    </ClInclude>
    <ClInclude Include="Core\Profiler\CProfileManager.h">
      <Filter>Header Files</Filter>
    </ClInclude>
    <ClInclude Include="Core\Profiler\FCPUProfile.h">
      <Filter>Header Files</Filter>
    </ClInclude>
    <ClInclude Include="Core\Application.h">
      <Filter>Header Files</Filter>
    </ClInclude>
    <ClInclude Include="Core\WindowManager.h">
      <Filter>Header Files</Filter>
    </ClInclude>
    <ClInclude Include="Core\Debugging\Debug.h">
      <Filter>Header Files</Filter>
    </ClInclude>
    <ClInclude Include="Core\RenderingAPI\CVertexBuffer.h">
      <Filter>Header Files</Filter>
    </ClInclude>
    <ClInclude Include="Core\RenderingAPI\Material\CMaterialCompiler.h">
      <Filter>Header Files</Filter>
    </ClInclude>
    <ClInclude Include="Core\RenderingAPI\Material\IMaterialCompiler.h">
      <Filter>Header Files</Filter>
    </ClInclude>
    <ClInclude Include="Core\Math\CColor.h">
      <Filter>Header Files</Filter>
    </ClInclude>
    <ClInclude Include="Core\Math\Vector.h">
      <Filter>Header Files</Filter>
    </ClInclude>
    <ClInclude Include="Modules\DirectXAPI\CD3D11Device.h">
      <Filter>Header Files</Filter>
    </ClInclude>
    <ClInclude Include="Modules\DirectXAPI\CD3D11RenderContext.h">
      <Filter>Header Files</Filter>
    </ClInclude>
    <ClInclude Include="Modules\DirectXAPI\CD3D11RenderTargetWindow.h">
      <Filter>Header Files</Filter>
    </ClInclude>
    <ClInclude Include="Modules\DirectXAPI\CD3D11VertexBuffer.h">
      <Filter>Header Files</Filter>
    </ClInclude>
    <ClInclude Include="Core\RenderingAPI\CVertexDeclaration.h">
      <Filter>Header Files</Filter>
    </ClInclude>
    <ClInclude Include="Core\RenderingAPI\CRenderCommandBuffer.h">
      <Filter>Header Files</Filter>
    </ClInclude>
    <ClInclude Include="Core\Profiler\FGPUProfile.h">
      <Filter>Header Files</Filter>
    </ClInclude>
    <ClInclude Include="Core\RenderingAPI\RenderingAPI.h">
      <Filter>Header Files</Filter>
    </ClInclude>
    <ClInclude Include="Core\Delegate.h">
      <Filter>Header Files</Filter>
    </ClInclude>
  </ItemGroup>
  <ItemGroup>
    <None Include="Editor\Resource\basicPS.cso" />
    <None Include="Editor\Resource\basicVS.cso" />
  </ItemGroup>
</Project>